
Microsoft Visual Studio Solution File, Format Version 12.00
# Visual Studio Version 16
VisualStudioVersion = 16.0.31402.337
MinimumVisualStudioVersion = 10.0.40219.1
Project("{FAE04EC0-301F-11D3-BF4B-00C04F79EFBC}") = "Resume", "Resume.csproj", "{0BF72BDD-4092-4633-A3A8-BC023F8B6475}"
EndProject
Global
	GlobalSection(SolutionConfigurationPlatforms) = preSolution
		Debug|Any CPU = Debug|Any CPU
		Release|Any CPU = Release|Any CPU
	EndGlobalSection
	GlobalSection(ProjectConfigurationPlatforms) = postSolution
		{0BF72BDD-4092-4633-A3A8-BC023F8B6475}.Debug|Any CPU.ActiveCfg = Debug|Any CPU
		{0BF72BDD-4092-4633-A3A8-BC023F8B6475}.Debug|Any CPU.Build.0 = Debug|Any CPU
		{0BF72BDD-4092-4633-A3A8-BC023F8B6475}.Release|Any CPU.ActiveCfg = Release|Any CPU
		{0BF72BDD-4092-4633-A3A8-BC023F8B6475}.Release|Any CPU.Build.0 = Release|Any CPU
	EndGlobalSection
	GlobalSection(SolutionProperties) = preSolution
		HideSolutionNode = FALSE
	EndGlobalSection
	GlobalSection(ExtensibilityGlobals) = postSolution
		SolutionGuid = {8220BA2D-3582-4564-8925-819713C738C5}
	EndGlobalSection
EndGlobal
